
Microsoft Visual Studio Solution File, Format Version 12.00
# Visual Studio Version 17
VisualStudioVersion = 17.1.32421.90
MinimumVisualStudioVersion = 10.0.40219.1
Project("{FAE04EC0-301F-11D3-BF4B-00C04F79EFBC}") = "Microsoft.Extensions.Configuration.Yaml", "src/Microsoft.Extensions.Configuration.Yaml\Microsoft.Extensions.Configuration.Yaml.csproj", "{818618C3-D4A2-4212-8638-0CE9DC4B16CB}"
EndProject
Project("{FAE04EC0-301F-11D3-BF4B-00C04F79EFBC}") = "Microsoft.Extensions.Configuration.Yaml.Tests", "tests\Microsoft.Extensions.Configuration.Yaml.Tests\Microsoft.Extensions.Configuration.Yaml.Tests.csproj", "{EB86280D-9746-4887-B15B-A9F043FAA454}"
EndProject
Global
	GlobalSection(SolutionConfigurationPlatforms) = preSolution
		Debug|Any CPU = Debug|Any CPU
		Release|Any CPU = Release|Any CPU
	EndGlobalSection
	GlobalSection(ProjectConfigurationPlatforms) = postSolution
		{818618C3-D4A2-4212-8638-0CE9DC4B16CB}.Debug|Any CPU.ActiveCfg = Debug|Any CPU
		{818618C3-D4A2-4212-8638-0CE9DC4B16CB}.Debug|Any CPU.Build.0 = Debug|Any CPU
		{818618C3-D4A2-4212-8638-0CE9DC4B16CB}.Release|Any CPU.ActiveCfg = Release|Any CPU
		{818618C3-D4A2-4212-8638-0CE9DC4B16CB}.Release|Any CPU.Build.0 = Release|Any CPU
		{EB86280D-9746-4887-B15B-A9F043FAA454}.Debug|Any CPU.ActiveCfg = Debug|Any CPU
		{EB86280D-9746-4887-B15B-A9F043FAA454}.Debug|Any CPU.Build.0 = Debug|Any CPU
		{EB86280D-9746-4887-B15B-A9F043FAA454}.Release|Any CPU.ActiveCfg = Release|Any CPU
		{EB86280D-9746-4887-B15B-A9F043FAA454}.Release|Any CPU.Build.0 = Release|Any CPU
	EndGlobalSection
	GlobalSection(SolutionProperties) = preSolution
		HideSolutionNode = FALSE
	EndGlobalSection
	GlobalSection(ExtensibilityGlobals) = postSolution
		SolutionGuid = {B735EC3C-9056-4BF5-A1FC-ED7E7F59C6EA}
	EndGlobalSection
EndGlobal
